// !$*UTF8*$!
{
	archiveVersion = 1;
	classes = {
	};
	objectVersion = 46;
	objects = {

/* Begin PBXBuildFile section */
		B5B278421A559AB900F9CC42 /* AppDelegate.swift in Sources */ = {isa = PBXBuildFile; fileRef = B5B278411A559AB900F9CC42 /* AppDelegate.swift */; };
		B5B278441A559AB900F9CC42 /* ViewController.swift in Sources */ = {isa = PBXBuildFile; fileRef = B5B278431A559AB900F9CC42 /* ViewController.swift */; };
		B5B278471A559AB900F9CC42 /* Main.storyboard in Resources */ = {isa = PBXBuildFile; fileRef = B5B278451A559AB900F9CC42 /* Main.storyboard */; };
		B5B278491A559AB900F9CC42 /* Images.xcassets in Resources */ = {isa = PBXBuildFile; fileRef = B5B278481A559AB900F9CC42 /* Images.xcassets */; };
		B5B2784C1A559AB900F9CC42 /* LaunchScreen.xib in Resources */ = {isa = PBXBuildFile; fileRef = B5B2784A1A559AB900F9CC42 /* LaunchScreen.xib */; };
		B5B278581A559AB900F9CC42 /* PlannerTests.swift in Sources */ = {isa = PBXBuildFile; fileRef = B5B278571A559AB900F9CC42 /* PlannerTests.swift */; };
/* End PBXBuildFile section */

/* Begin PBXContainerItemProxy section */
		B5B278521A559AB900F9CC42 /* PBXContainerItemProxy */ = {
			isa = PBXContainerItemProxy;
			containerPortal = B5B278341A559AB700F9CC42 /* Project object */;
			proxyType = 1;
			remoteGlobalIDString = B5B2783B1A559AB700F9CC42;
			remoteInfo = Planner;
		};
/* End PBXContainerItemProxy section */

/* Begin PBXFileReference section */
		B5B2783C1A559AB800F9CC42 /* Planner.app */ = {isa = PBXFileReference; explicitFileType = wrapper.application; includeInIndex = 0; path = Planner.app; sourceTree = BUILT_PRODUCTS_DIR; };
		B5B278401A559AB900F9CC42 /* Info.plist */ = {isa = PBXFileReference; lastKnownFileType = text.plist.xml; path = Info.plist; sourceTree = "<group>"; };
		B5B278411A559AB900F9CC42 /* AppDelegate.swift */ = {isa = PBXFileReference; lastKnownFileType = sourcecode.swift; path = AppDelegate.swift; sourceTree = "<group>"; };
		B5B278431A559AB900F9CC42 /* ViewController.swift */ = {isa = PBXFileReference; lastKnownFileType = sourcecode.swift; path = ViewController.swift; sourceTree = "<group>"; };
		B5B278461A559AB900F9CC42 /* Base */ = {isa = PBXFileReference; lastKnownFileType = file.storyboard; name = Base; path = Base.lproj/Main.storyboard; sourceTree = "<group>"; };
		B5B278481A559AB900F9CC42 /* Images.xcassets */ = {isa = PBXFileReference; lastKnownFileType = folder.assetcatalog; path = Images.xcassets; sourceTree = "<group>"; };
		B5B2784B1A559AB900F9CC42 /* Base */ = {isa = PBXFileReference; lastKnownFileType = file.xib; name = Base; path = Base.lproj/LaunchScreen.xib; sourceTree = "<group>"; };
		B5B278511A559AB900F9CC42 /* PlannerTests.xctest */ = {isa = PBXFileReference; explicitFileType = wrapper.cfbundle; includeInIndex = 0; path = PlannerTests.xctest; sourceTree = BUILT_PRODUCTS_DIR; };
		B5B278561A559AB900F9CC42 /* Info.plist */ = {isa = PBXFileReference; lastKnownFileType = text.plist.xml; path = Info.plist; sourceTree = "<group>"; };
		B5B278571A559AB900F9CC42 /* PlannerTests.swift */ = {isa = PBXFileReference; lastKnownFileType = sourcecode.swift; path = PlannerTests.swift; sourceTree = "<group>"; };
/* End PBXFileReference section */

/* Begin PBXFrameworksBuildPhase section */
		B5B278391A559AB700F9CC42 /* Frameworks */ = {
			isa = PBXFrameworksBuildPhase;
			buildActionMask = 2147483647;
			files = (
			);
			runOnlyForDeploymentPostprocessing = 0;
		};
		B5B2784E1A559AB900F9CC42 /* Frameworks */ = {
			isa = PBXFrameworksBuildPhase;
			buildActionMask = 2147483647;
			files = (
			);
			runOnlyForDeploymentPostprocessing = 0;
		};
/* End PBXFrameworksBuildPhase section */

/* Begin PBXGroup section */
		B5B278331A559AB700F9CC42 = {
			isa = PBXGroup;
			children = (
				B5B2783E1A559AB800F9CC42 /* Planner */,
				B5B278541A559AB900F9CC42 /* PlannerTests */,
				B5B2783D1A559AB800F9CC42 /* Products */,
			);
			sourceTree = "<group>";
		};
		B5B2783D1A559AB800F9CC42 /* Products */ = {
			isa = PBXGroup;
			children = (
				B5B2783C1A559AB800F9CC42 /* Planner.app */,
				B5B278511A559AB900F9CC42 /* PlannerTests.xctest */,
			);
			name = Products;
			sourceTree = "<group>";
		};
		B5B2783E1A559AB800F9CC42 /* Planner */ = {
			isa = PBXGroup;
			children = (
				B5B278411A559AB900F9CC42 /* AppDelegate.swift */,
				B5B278431A559AB900F9CC42 /* ViewController.swift */,
				B5B278451A559AB900F9CC42 /* Main.storyboard */,
				B5B278481A559AB900F9CC42 /* Images.xcassets */,
				B5B2784A1A559AB900F9CC42 /* LaunchScreen.xib */,
				B5B2783F1A559AB800F9CC42 /* Supporting Files */,
			);
			path = Planner;
			sourceTree = "<group>";
		};
		B5B2783F1A559AB800F9CC42 /* Supporting Files */ = {
			isa = PBXGroup;
			children = (
				B5B278401A559AB900F9CC42 /* Info.plist */,
			);
			name = "Supporting Files";
			sourceTree = "<group>";
		};
		B5B278541A559AB900F9CC42 /* PlannerTests */ = {
			isa = PBXGroup;
			children = (
				B5B278571A559AB900F9CC42 /* PlannerTests.swift */,
				B5B278551A559AB900F9CC42 /* Supporting Files */,
			);
			path = PlannerTests;
			sourceTree = "<group>";
		};
		B5B278551A559AB900F9CC42 /* Supporting Files */ = {
			isa = PBXGroup;
			children = (
				B5B278561A559AB900F9CC42 /* Info.plist */,
			);
			name = "Supporting Files";
			sourceTree = "<group>";
		};
/* End PBXGroup section */

/* Begin PBXNativeTarget section */
		B5B2783B1A559AB700F9CC42 /* Planner */ = {
			isa = PBXNativeTarget;
			buildConfigurationList = B5B2785B1A559AB900F9CC42 /* Build configuration list for PBXNativeTarget "Planner" */;
			buildPhases = (
				B5B278381A559AB700F9CC42 /* Sources */,
				B5B278391A559AB700F9CC42 /* Frameworks */,
				B5B2783A1A559AB700F9CC42 /* Resources */,
			);
			buildRules = (
			);
			dependencies = (
			);
			name = Planner;
			productName = Planner;
			productReference = B5B2783C1A559AB800F9CC42 /* Planner.app */;
			productType = "com.apple.product-type.application";
		};
		B5B278501A559AB900F9CC42 /* PlannerTests */ = {
			isa = PBXNativeTarget;
			buildConfigurationList = B5B2785E1A559AB900F9CC42 /* Build configuration list for PBXNativeTarget "PlannerTests" */;
			buildPhases = (
				B5B2784D1A559AB900F9CC42 /* Sources */,
				B5B2784E1A559AB900F9CC42 /* Frameworks */,
				B5B2784F1A559AB900F9CC42 /* Resources */,
			);
			buildRules = (
			);
			dependencies = (
				B5B278531A559AB900F9CC42 /* PBXTargetDependency */,
			);
			name = PlannerTests;
			productName = PlannerTests;
			productReference = B5B278511A559AB900F9CC42 /* PlannerTests.xctest */;
			productType = "com.apple.product-type.bundle.unit-test";
		};
/* End PBXNativeTarget section */

/* Begin PBXProject section */
		B5B278341A559AB700F9CC42 /* Project object */ = {
			isa = PBXProject;
			attributes = {
				LastUpgradeCheck = 0610;
				ORGANIZATIONNAME = mycompany;
				TargetAttributes = {
					B5B2783B1A559AB700F9CC42 = {
						CreatedOnToolsVersion = 6.1.1;
					};
					B5B278501A559AB900F9CC42 = {
						CreatedOnToolsVersion = 6.1.1;
						TestTargetID = B5B2783B1A559AB700F9CC42;
					};
				};
			};
			buildConfigurationList = B5B278371A559AB700F9CC42 /* Build configuration list for PBXProject "Planner" */;
			compatibilityVersion = "Xcode 3.2";
			developmentRegion = English;
			hasScannedForEncodings = 0;
			knownRegions = (
				en,
				Base,
			);
			mainGroup = B5B278331A559AB700F9CC42;
			productRefGroup = B5B2783D1A559AB800F9CC42 /* Products */;
			projectDirPath = "";
			projectRoot = "";
			targets = (
				B5B2783B1A559AB700F9CC42 /* Planner */,
				B5B278501A559AB900F9CC42 /* PlannerTests */,
			);
		};
/* End PBXProject section */

/* Begin PBXResourcesBuildPhase section */
		B5B2783A1A559AB700F9CC42 /* Resources */ = {
			isa = PBXResourcesBuildPhase;
			buildActionMask = 2147483647;
			files = (
				B5B278471A559AB900F9CC42 /* Main.storyboard in Resources */,
				B5B2784C1A559AB900F9CC42 /* LaunchScreen.xib in Resources */,
				B5B278491A559AB900F9CC42 /* Images.xcassets in Resources */,
			);
			runOnlyForDeploymentPostprocessing = 0;
		};
		B5B2784F1A559AB900F9CC42 /* Resources */ = {
			isa = PBXResourcesBuildPhase;
			buildActionMask = 2147483647;
			files = (
			);
			runOnlyForDeploymentPostprocessing = 0;
		};
/* End PBXResourcesBuildPhase section */

/* Begin PBXSourcesBuildPhase section */
		B5B278381A559AB700F9CC42 /* Sources */ = {
			isa = PBXSourcesBuildPhase;
			buildActionMask = 2147483647;
			files = (
				B5B278441A559AB900F9CC42 /* ViewController.swift in Sources */,
				B5B278421A559AB900F9CC42 /* AppDelegate.swift in Sources */,
			);
			runOnlyForDeploymentPostprocessing = 0;
		};
		B5B2784D1A559AB900F9CC42 /* Sources */ = {
			isa = PBXSourcesBuildPhase;
			buildActionMask = 2147483647;
			files = (
				B5B278581A559AB900F9CC42 /* PlannerTests.swift in Sources */,
			);
			runOnlyForDeploymentPostprocessing = 0;
		};
/* End PBXSourcesBuildPhase section */

/* Begin PBXTargetDependency section */
		B5B278531A559AB900F9CC42 /* PBXTargetDependency */ = {
			isa = PBXTargetDependency;
			target = B5B2783B1A559AB700F9CC42 /* Planner */;
			targetProxy = B5B278521A559AB900F9CC42 /* PBXContainerItemProxy */;
		};
/* End PBXTargetDependency section */

/* Begin PBXVariantGroup section */
		B5B278451A559AB900F9CC42 /* Main.storyboard */ = {
			isa = PBXVariantGroup;
			children = (
				B5B278461A559AB900F9CC42 /* Base */,
			);
			name = Main.storyboard;
			sourceTree = "<group>";
		};
		B5B2784A1A559AB900F9CC42 /* LaunchScreen.xib */ = {
			isa = PBXVariantGroup;
			children = (
				B5B2784B1A559AB900F9CC42 /* Base */,
			);
			name = LaunchScreen.xib;
			sourceTree = "<group>";
		};
/* End PBXVariantGroup section */

/* Begin XCBuildConfiguration section */
		B5B278591A559AB900F9CC42 /* Debug */ = {
			isa = XCBuildConfiguration;
			buildSettings = {
				ALWAYS_SEARCH_USER_PATHS = NO;
				CLANG_CXX_LANGUAGE_STANDARD = "gnu++0x";
				CLANG_CXX_LIBRARY = "libc++";
				CLANG_ENABLE_MODULES = YES;
				CLANG_ENABLE_OBJC_ARC = YES;
				CLANG_WARN_BOOL_CONVERSION = YES;
				CLANG_WARN_CONSTANT_CONVERSION = YES;
				CLANG_WARN_DIRECT_OBJC_ISA_USAGE = YES_ERROR;
				CLANG_WARN_EMPTY_BODY = YES;
				CLANG_WARN_ENUM_CONVERSION = YES;
				CLANG_WARN_INT_CONVERSION = YES;
				CLANG_WARN_OBJC_ROOT_CLASS = YES_ERROR;
				CLANG_WARN_UNREACHABLE_CODE = YES;
				CLANG_WARN__DUPLICATE_METHOD_MATCH = YES;
				"CODE_SIGN_IDENTITY[sdk=iphoneos*]" = "iPhone Developer";
				COPY_PHASE_STRIP = NO;
				ENABLE_STRICT_OBJC_MSGSEND = YES;
				GCC_C_LANGUAGE_STANDARD = gnu99;
				GCC_DYNAMIC_NO_PIC = NO;
				GCC_OPTIMIZATION_LEVEL = 0;
				GCC_PREPROCESSOR_DEFINITIONS = (
					"DEBUG=1",
					"$(inherited)",
				);
				GCC_SYMBOLS_PRIVATE_EXTERN = NO;
				GCC_WARN_64_TO_32_BIT_CONVERSION = YES;
				GCC_WARN_ABOUT_RETURN_TYPE = YES_ERROR;
				GCC_WARN_UNDECLARED_SELECTOR = YES;
				GCC_WARN_UNINITIALIZED_AUTOS = YES_AGGRESSIVE;
				GCC_WARN_UNUSED_FUNCTION = YES;
				GCC_WARN_UNUSED_VARIABLE = YES;
				IPHONEOS_DEPLOYMENT_TARGET = 8.1;
				MTL_ENABLE_DEBUG_INFO = YES;
				ONLY_ACTIVE_ARCH = YES;
				SDKROOT = iphoneos;
				SWIFT_OPTIMIZATION_LEVEL = "-Onone";
				TARGETED_DEVICE_FAMILY = "1,2";
			};
			name = Debug;
		};
		B5B2785A1A559AB900F9CC42 /* Release */ = {
			isa = XCBuildConfiguration;
			buildSettings = {
				ALWAYS_SEARCH_USER_PATHS = NO;
				CLANG_CXX_LANGUAGE_STANDARD = "gnu++0x";
				CLANG_CXX_LIBRARY = "libc++";
				CLANG_ENABLE_MODULES = YES;
				CLANG_ENABLE_OBJC_ARC = YES;
				CLANG_WARN_BOOL_CONVERSION = YES;
				CLANG_WARN_CONSTANT_CONVERSION = YES;
				CLANG_WARN_DIRECT_OBJC_ISA_USAGE = YES_ERROR;
				CLANG_WARN_EMPTY_BODY = YES;
				CLANG_WARN_ENUM_CONVERSION = YES;
				CLANG_WARN_INT_CONVERSION = YES;
				CLANG_WARN_OBJC_ROOT_CLASS = YES_ERROR;
				CLANG_WARN_UNREACHABLE_CODE = YES;
				CLANG_WARN__DUPLICATE_METHOD_MATCH = YES;
				"CODE_SIGN_IDENTITY[sdk=iphoneos*]" = "iPhone Developer";
				COPY_PHASE_STRIP = YES;
				ENABLE_NS_ASSERTIONS = NO;
				ENABLE_STRICT_OBJC_MSGSEND = YES;
				GCC_C_LANGUAGE_STANDARD = gnu99;
				GCC_WARN_64_TO_32_BIT_CONVERSION = YES;
				GCC_WARN_ABOUT_RETURN_TYPE = YES_ERROR;
				GCC_WARN_UNDECLARED_SELECTOR = YES;
				GCC_WARN_UNINITIALIZED_AUTOS = YES_AGGRESSIVE;
				GCC_WARN_UNUSED_FUNCTION = YES;
				GCC_WARN_UNUSED_VARIABLE = YES;
				IPHONEOS_DEPLOYMENT_TARGET = 8.1;
				MTL_ENABLE_DEBUG_INFO = NO;
				SDKROOT = iphoneos;
				TARGETED_DEVICE_FAMILY = "1,2";
				VALIDATE_PRODUCT = YES;
			};
			name = Release;
		};
		B5B2785C1A559AB900F9CC42 /* Debug */ = {
			isa = XCBuildConfiguration;
			buildSettings = {
				ASSETCATALOG_COMPILER_APPICON_NAME = AppIcon;
				INFOPLIST_FILE = Planner/Info.plist;
				LD_RUNPATH_SEARCH_PATHS = "$(inherited) @executable_path/Frameworks";
				PRODUCT_NAME = "$(TARGET_NAME)";
			};
			name = Debug;
		};
		B5B2785D1A559AB900F9CC42 /* Release */ = {
			isa = XCBuildConfiguration;
			buildSettings = {
				ASSETCATALOG_COMPILER_APPICON_NAME = AppIcon;
				INFOPLIST_FILE = Planner/Info.plist;
				LD_RUNPATH_SEARCH_PATHS = "$(inherited) @executable_path/Frameworks";
				PRODUCT_NAME = "$(TARGET_NAME)";
			};
			name = Release;
		};
		B5B2785F1A559AB900F9CC42 /* Debug */ = {
			isa = XCBuildConfiguration;
			buildSettings = {
				BUNDLE_LOADER = "$(TEST_HOST)";
				FRAMEWORK_SEARCH_PATHS = (
					"$(SDKROOT)/Developer/Library/Frameworks",
					"$(inherited)",
				);
				GCC_PREPROCESSOR_DEFINITIONS = (
					"DEBUG=1",
					"$(inherited)",
				);
				INFOPLIST_FILE = PlannerTests/Info.plist;
				LD_RUNPATH_SEARCH_PATHS = "$(inherited) @executable_path/Frameworks @loader_path/Frameworks";
				PRODUCT_NAME = "$(TARGET_NAME)";
				TEST_HOST = "$(BUILT_PRODUCTS_DIR)/Planner.app/Planner";
			};
			name = Debug;
		};
		B5B278601A559AB900F9CC42 /* Release */ = {
			isa = XCBuildConfiguration;
			buildSettings = {
				BUNDLE_LOADER = "$(TEST_HOST)";
				FRAMEWORK_SEARCH_PATHS = (
					"$(SDKROOT)/Developer/Library/Frameworks",
					"$(inherited)",
				);
				INFOPLIST_FILE = PlannerTests/Info.plist;
				LD_RUNPATH_SEARCH_PATHS = "$(inherited) @executable_path/Frameworks @loader_path/Frameworks";
				PRODUCT_NAME = "$(TARGET_NAME)";
				TEST_HOST = "$(BUILT_PRODUCTS_DIR)/Planner.app/Planner";
			};
			name = Release;
		};
/* End XCBuildConfiguration section */

/* Begin XCConfigurationList section */
		B5B278371A559AB700F9CC42 /* Build configuration list for PBXProject "Planner" */ = {
			isa = XCConfigurationList;
			buildConfigurations = (
				B5B278591A559AB900F9CC42 /* Debug */,
				B5B2785A1A559AB900F9CC42 /* Release */,
			);
			defaultConfigurationIsVisible = 0;
			defaultConfigurationName = Release;
		};
		B5B2785B1A559AB900F9CC42 /* Build configuration list for PBXNativeTarget "Planner" */ = {
			isa = XCConfigurationList;
			buildConfigurations = (
				B5B2785C1A559AB900F9CC42 /* Debug */,
				B5B2785D1A559AB900F9CC42 /* Release */,
			);
			defaultConfigurationIsVisible = 0;
		};
		B5B2785E1A559AB900F9CC42 /* Build configuration list for PBXNativeTarget "PlannerTests" */ = {
			isa = XCConfigurationList;
			buildConfigurations = (
				B5B2785F1A559AB900F9CC42 /* Debug */,
				B5B278601A559AB900F9CC42 /* Release */,
			);
			defaultConfigurationIsVisible = 0;
		};
/* End XCConfigurationList section */
	};
	rootObject = B5B278341A559AB700F9CC42 /* Project object */;
}
